
Microsoft Visual Studio Solution File, Format Version 12.00
# Visual Studio Version 17
VisualStudioVersion = 17.14.37027.9 d17.14
MinimumVisualStudioVersion = 10.0.40219.1
Project("{FAE04EC0-301F-11D3-BF4B-00C04F79EFBC}") = "NivelStocareDate", "NivelStocareDate.csproj", "{75A030DD-8CEA-4FE8-B866-46D8849CDE56}"
EndProject
Global
	GlobalSection(SolutionConfigurationPlatforms) = preSolution
		Debug|Any CPU = Debug|Any CPU
		Release|Any CPU = Release|Any CPU
	EndGlobalSection
	GlobalSection(ProjectConfigurationPlatforms) = postSolution
		{75A030DD-8CEA-4FE8-B866-46D8849CDE56}.Debug|Any CPU.ActiveCfg = Debug|Any CPU
		{75A030DD-8CEA-4FE8-B866-46D8849CDE56}.Debug|Any CPU.Build.0 = Debug|Any CPU
		{75A030DD-8CEA-4FE8-B866-46D8849CDE56}.Release|Any CPU.ActiveCfg = Release|Any CPU
		{75A030DD-8CEA-4FE8-B866-46D8849CDE56}.Release|Any CPU.Build.0 = Release|Any CPU
	EndGlobalSection
	GlobalSection(SolutionProperties) = preSolution
		HideSolutionNode = FALSE
	EndGlobalSection
	GlobalSection(ExtensibilityGlobals) = postSolution
		SolutionGuid = {20F287B5-11CB-42E3-BC16-6FA84484E46D}
	EndGlobalSection
EndGlobal
